// !$*UTF8*$!
{
	archiveVersion = 1;
	classes = {
	};
	objectVersion = 46;
	objects = {

/* Begin PBXBuildFile section */
		6E8620721AC332D400706101 /* main.m in Sources */ = {isa = PBXBuildFile; fileRef = 6E8620711AC332D400706101 /* main.m */; };
		6E8620751AC332D400706101 /* AppDelegate.m in Sources */ = {isa = PBXBuildFile; fileRef = 6E8620741AC332D400706101 /* AppDelegate.m */; };
		6E8620781AC332D400706101 /* ViewController.m in Sources */ = {isa = PBXBuildFile; fileRef = 6E8620771AC332D400706101 /* ViewController.m */; };
		6E86207B1AC332D400706101 /* Main.storyboard in Resources */ = {isa = PBXBuildFile; fileRef = 6E8620791AC332D400706101 /* Main.storyboard */; };
		6E86207D1AC332D400706101 /* Images.xcassets in Resources */ = {isa = PBXBuildFile; fileRef = 6E86207C1AC332D400706101 /* Images.xcassets */; };
		6E8620801AC332D400706101 /* LaunchScreen.xib in Resources */ = {isa = PBXBuildFile; fileRef = 6E86207E1AC332D400706101 /* LaunchScreen.xib */; };
		6E86208C1AC332D400706101 /* MelhorHistoricoTests.m in Sources */ = {isa = PBXBuildFile; fileRef = 6E86208B1AC332D400706101 /* MelhorHistoricoTests.m */; };
/* End PBXBuildFile section */

/* Begin PBXContainerItemProxy section */
		6E8620861AC332D400706101 /* PBXContainerItemProxy */ = {
			isa = PBXContainerItemProxy;
			containerPortal = 6E8620641AC332D400706101 /* Project object */;
			proxyType = 1;
			remoteGlobalIDString = 6E86206B1AC332D400706101;
			remoteInfo = MelhorHistorico;
		};
/* End PBXContainerItemProxy section */

/* Begin PBXFileReference section */
		6E86206C1AC332D400706101 /* MelhorHistorico.app */ = {isa = PBXFileReference; explicitFileType = wrapper.application; includeInIndex = 0; path = MelhorHistorico.app; sourceTree = BUILT_PRODUCTS_DIR; };
		6E8620701AC332D400706101 /* Info.plist */ = {isa = PBXFileReference; lastKnownFileType = text.plist.xml; path = Info.plist; sourceTree = "<group>"; };
		6E8620711AC332D400706101 /* main.m */ = {isa = PBXFileReference; lastKnownFileType = sourcecode.c.objc; path = main.m; sourceTree = "<group>"; };
		6E8620731AC332D400706101 /* AppDelegate.h */ = {isa = PBXFileReference; lastKnownFileType = sourcecode.c.h; path = AppDelegate.h; sourceTree = "<group>"; };
		6E8620741AC332D400706101 /* AppDelegate.m */ = {isa = PBXFileReference; lastKnownFileType = sourcecode.c.objc; path = AppDelegate.m; sourceTree = "<group>"; };
		6E8620761AC332D400706101 /* ViewController.h */ = {isa = PBXFileReference; lastKnownFileType = sourcecode.c.h; path = ViewController.h; sourceTree = "<group>"; };
		6E8620771AC332D400706101 /* ViewController.m */ = {isa = PBXFileReference; lastKnownFileType = sourcecode.c.objc; path = ViewController.m; sourceTree = "<group>"; };
		6E86207A1AC332D400706101 /* Base */ = {isa = PBXFileReference; lastKnownFileType = file.storyboard; name = Base; path = Base.lproj/Main.storyboard; sourceTree = "<group>"; };
		6E86207C1AC332D400706101 /* Images.xcassets */ = {isa = PBXFileReference; lastKnownFileType = folder.assetcatalog; path = Images.xcassets; sourceTree = "<group>"; };
		6E86207F1AC332D400706101 /* Base */ = {isa = PBXFileReference; lastKnownFileType = file.xib; name = Base; path = Base.lproj/LaunchScreen.xib; sourceTree = "<group>"; };
		6E8620851AC332D400706101 /* MelhorHistoricoTests.xctest */ = {isa = PBXFileReference; explicitFileType = wrapper.cfbundle; includeInIndex = 0; path = MelhorHistoricoTests.xctest; sourceTree = BUILT_PRODUCTS_DIR; };
		6E86208A1AC332D400706101 /* Info.plist */ = {isa = PBXFileReference; lastKnownFileType = text.plist.xml; path = Info.plist; sourceTree = "<group>"; };
		6E86208B1AC332D400706101 /* MelhorHistoricoTests.m */ = {isa = PBXFileReference; lastKnownFileType = sourcecode.c.objc; path = MelhorHistoricoTests.m; sourceTree = "<group>"; };
/* End PBXFileReference section */

/* Begin PBXFrameworksBuildPhase section */
		6E8620691AC332D400706101 /* Frameworks */ = {
			isa = PBXFrameworksBuildPhase;
			buildActionMask = 2147483647;
			files = (
			);
			runOnlyForDeploymentPostprocessing = 0;
		};
		6E8620821AC332D400706101 /* Frameworks */ = {
			isa = PBXFrameworksBuildPhase;
			buildActionMask = 2147483647;
			files = (
			);
			runOnlyForDeploymentPostprocessing = 0;
		};
/* End PBXFrameworksBuildPhase section */

/* Begin PBXGroup section */
		6E8620631AC332D400706101 = {
			isa = PBXGroup;
			children = (
				6E86206E1AC332D400706101 /* MelhorHistorico */,
				6E8620881AC332D400706101 /* MelhorHistoricoTests */,
				6E86206D1AC332D400706101 /* Products */,
			);
			sourceTree = "<group>";
		};
		6E86206D1AC332D400706101 /* Products */ = {
			isa = PBXGroup;
			children = (
				6E86206C1AC332D400706101 /* MelhorHistorico.app */,
				6E8620851AC332D400706101 /* MelhorHistoricoTests.xctest */,
			);
			name = Products;
			sourceTree = "<group>";
		};
		6E86206E1AC332D400706101 /* MelhorHistorico */ = {
			isa = PBXGroup;
			children = (
				6E8620731AC332D400706101 /* AppDelegate.h */,
				6E8620741AC332D400706101 /* AppDelegate.m */,
				6E8620761AC332D400706101 /* ViewController.h */,
				6E8620771AC332D400706101 /* ViewController.m */,
				6E8620791AC332D400706101 /* Main.storyboard */,
				6E86207C1AC332D400706101 /* Images.xcassets */,
				6E86207E1AC332D400706101 /* LaunchScreen.xib */,
				6E86206F1AC332D400706101 /* Supporting Files */,
			);
			path = MelhorHistorico;
			sourceTree = "<group>";
		};
		6E86206F1AC332D400706101 /* Supporting Files */ = {
			isa = PBXGroup;
			children = (
				6E8620701AC332D400706101 /* Info.plist */,
				6E8620711AC332D400706101 /* main.m */,
			);
			name = "Supporting Files";
			sourceTree = "<group>";
		};
		6E8620881AC332D400706101 /* MelhorHistoricoTests */ = {
			isa = PBXGroup;
			children = (
				6E86208B1AC332D400706101 /* MelhorHistoricoTests.m */,
				6E8620891AC332D400706101 /* Supporting Files */,
			);
			path = MelhorHistoricoTests;
			sourceTree = "<group>";
		};
		6E8620891AC332D400706101 /* Supporting Files */ = {
			isa = PBXGroup;
			children = (
				6E86208A1AC332D400706101 /* Info.plist */,
			);
			name = "Supporting Files";
			sourceTree = "<group>";
		};
/* End PBXGroup section */

/* Begin PBXNativeTarget section */
		6E86206B1AC332D400706101 /* MelhorHistorico */ = {
			isa = PBXNativeTarget;
			buildConfigurationList = 6E86208F1AC332D400706101 /* Build configuration list for PBXNativeTarget "MelhorHistorico" */;
			buildPhases = (
				6E8620681AC332D400706101 /* Sources */,
				6E8620691AC332D400706101 /* Frameworks */,
				6E86206A1AC332D400706101 /* Resources */,
			);
			buildRules = (
			);
			dependencies = (
			);
			name = MelhorHistorico;
			productName = MelhorHistorico;
			productReference = 6E86206C1AC332D400706101 /* MelhorHistorico.app */;
			productType = "com.apple.product-type.application";
		};
		6E8620841AC332D400706101 /* MelhorHistoricoTests */ = {
			isa = PBXNativeTarget;
			buildConfigurationList = 6E8620921AC332D400706101 /* Build configuration list for PBXNativeTarget "MelhorHistoricoTests" */;
			buildPhases = (
				6E8620811AC332D400706101 /* Sources */,
				6E8620821AC332D400706101 /* Frameworks */,
				6E8620831AC332D400706101 /* Resources */,
			);
			buildRules = (
			);
			dependencies = (
				6E8620871AC332D400706101 /* PBXTargetDependency */,
			);
			name = MelhorHistoricoTests;
			productName = MelhorHistoricoTests;
			productReference = 6E8620851AC332D400706101 /* MelhorHistoricoTests.xctest */;
			productType = "com.apple.product-type.bundle.unit-test";
		};
/* End PBXNativeTarget section */

/* Begin PBXProject section */
		6E8620641AC332D400706101 /* Project object */ = {
			isa = PBXProject;
			attributes = {
				LastUpgradeCheck = 0620;
				ORGANIZATIONNAME = "Felipe Marques Ramos";
				TargetAttributes = {
					6E86206B1AC332D400706101 = {
						CreatedOnToolsVersion = 6.2;
					};
					6E8620841AC332D400706101 = {
						CreatedOnToolsVersion = 6.2;
						TestTargetID = 6E86206B1AC332D400706101;
					};
				};
			};
			buildConfigurationList = 6E8620671AC332D400706101 /* Build configuration list for PBXProject "MelhorHistorico" */;
			compatibilityVersion = "Xcode 3.2";
			developmentRegion = English;
			hasScannedForEncodings = 0;
			knownRegions = (
				en,
				Base,
			);
			mainGroup = 6E8620631AC332D400706101;
			productRefGroup = 6E86206D1AC332D400706101 /* Products */;
			projectDirPath = "";
			projectRoot = "";
			targets = (
				6E86206B1AC332D400706101 /* MelhorHistorico */,
				6E8620841AC332D400706101 /* MelhorHistoricoTests */,
			);
		};
/* End PBXProject section */

/* Begin PBXResourcesBuildPhase section */
		6E86206A1AC332D400706101 /* Resources */ = {
			isa = PBXResourcesBuildPhase;
			buildActionMask = 2147483647;
			files = (
				6E86207B1AC332D400706101 /* Main.storyboard in Resources */,
				6E8620801AC332D400706101 /* LaunchScreen.xib in Resources */,
				6E86207D1AC332D400706101 /* Images.xcassets in Resources */,
			);
			runOnlyForDeploymentPostprocessing = 0;
		};
		6E8620831AC332D400706101 /* Resources */ = {
			isa = PBXResourcesBuildPhase;
			buildActionMask = 2147483647;
			files = (
			);
			runOnlyForDeploymentPostprocessing = 0;
		};
/* End PBXResourcesBuildPhase section */

/* Begin PBXSourcesBuildPhase section */
		6E8620681AC332D400706101 /* Sources */ = {
			isa = PBXSourcesBuildPhase;
			buildActionMask = 2147483647;
			files = (
				6E8620781AC332D400706101 /* ViewController.m in Sources */,
				6E8620751AC332D400706101 /* AppDelegate.m in Sources */,
				6E8620721AC332D400706101 /* main.m in Sources */,
			);
			runOnlyForDeploymentPostprocessing = 0;
		};
		6E8620811AC332D400706101 /* Sources */ = {
			isa = PBXSourcesBuildPhase;
			buildActionMask = 2147483647;
			files = (
				6E86208C1AC332D400706101 /* MelhorHistoricoTests.m in Sources */,
			);
			runOnlyForDeploymentPostprocessing = 0;
		};
/* End PBXSourcesBuildPhase section */

/* Begin PBXTargetDependency section */
		6E8620871AC332D400706101 /* PBXTargetDependency */ = {
			isa = PBXTargetDependency;
			target = 6E86206B1AC332D400706101 /* MelhorHistorico */;
			targetProxy = 6E8620861AC332D400706101 /* PBXContainerItemProxy */;
		};
/* End PBXTargetDependency section */

/* Begin PBXVariantGroup section */
		6E8620791AC332D400706101 /* Main.storyboard */ = {
			isa = PBXVariantGroup;
			children = (
				6E86207A1AC332D400706101 /* Base */,
			);
			name = Main.storyboard;
			sourceTree = "<group>";
		};
		6E86207E1AC332D400706101 /* LaunchScreen.xib */ = {
			isa = PBXVariantGroup;
			children = (
				6E86207F1AC332D400706101 /* Base */,
			);
			name = LaunchScreen.xib;
			sourceTree = "<group>";
		};
/* End PBXVariantGroup section */

/* Begin XCBuildConfiguration section */
		6E86208D1AC332D400706101 /* Debug */ = {
			isa = XCBuildConfiguration;
			buildSettings = {
				ALWAYS_SEARCH_USER_PATHS = NO;
				CLANG_CXX_LANGUAGE_STANDARD = "gnu++0x";
				CLANG_CXX_LIBRARY = "libc++";
				CLANG_ENABLE_MODULES = YES;
				CLANG_ENABLE_OBJC_ARC = YES;
				CLANG_WARN_BOOL_CONVERSION = YES;
				CLANG_WARN_CONSTANT_CONVERSION = YES;
				CLANG_WARN_DIRECT_OBJC_ISA_USAGE = YES_ERROR;
				CLANG_WARN_EMPTY_BODY = YES;
				CLANG_WARN_ENUM_CONVERSION = YES;
				CLANG_WARN_INT_CONVERSION = YES;
				CLANG_WARN_OBJC_ROOT_CLASS = YES_ERROR;
				CLANG_WARN_UNREACHABLE_CODE = YES;
				CLANG_WARN__DUPLICATE_METHOD_MATCH = YES;
				"CODE_SIGN_IDENTITY[sdk=iphoneos*]" = "iPhone Developer";
				COPY_PHASE_STRIP = NO;
				ENABLE_STRICT_OBJC_MSGSEND = YES;
				GCC_C_LANGUAGE_STANDARD = gnu99;
				GCC_DYNAMIC_NO_PIC = NO;
				GCC_OPTIMIZATION_LEVEL = 0;
				GCC_PREPROCESSOR_DEFINITIONS = (
					"DEBUG=1",
					"$(inherited)",
				);
				GCC_SYMBOLS_PRIVATE_EXTERN = NO;
				GCC_WARN_64_TO_32_BIT_CONVERSION = YES;
				GCC_WARN_ABOUT_RETURN_TYPE = YES_ERROR;
				GCC_WARN_UNDECLARED_SELECTOR = YES;
				GCC_WARN_UNINITIALIZED_AUTOS = YES_AGGRESSIVE;
				GCC_WARN_UNUSED_FUNCTION = YES;
				GCC_WARN_UNUSED_VARIABLE = YES;
				IPHONEOS_DEPLOYMENT_TARGET = 8.2;
				MTL_ENABLE_DEBUG_INFO = YES;
				ONLY_ACTIVE_ARCH = YES;
				SDKROOT = iphoneos;
				TARGETED_DEVICE_FAMILY = "1,2";
			};
			name = Debug;
		};
		6E86208E1AC332D400706101 /* Release */ = {
			isa = XCBuildConfiguration;
			buildSettings = {
				ALWAYS_SEARCH_USER_PATHS = NO;
				CLANG_CXX_LANGUAGE_STANDARD = "gnu++0x";
				CLANG_CXX_LIBRARY = "libc++";
				CLANG_ENABLE_MODULES = YES;
				CLANG_ENABLE_OBJC_ARC = YES;
				CLANG_WARN_BOOL_CONVERSION = YES;
				CLANG_WARN_CONSTANT_CONVERSION = YES;
				CLANG_WARN_DIRECT_OBJC_ISA_USAGE = YES_ERROR;
				CLANG_WARN_EMPTY_BODY = YES;
				CLANG_WARN_ENUM_CONVERSION = YES;
				CLANG_WARN_INT_CONVERSION = YES;
				CLANG_WARN_OBJC_ROOT_CLASS = YES_ERROR;
				CLANG_WARN_UNREACHABLE_CODE = YES;
				CLANG_WARN__DUPLICATE_METHOD_MATCH = YES;
				"CODE_SIGN_IDENTITY[sdk=iphoneos*]" = "iPhone Developer";
				COPY_PHASE_STRIP = NO;
				ENABLE_NS_ASSERTIONS = NO;
				ENABLE_STRICT_OBJC_MSGSEND = YES;
				GCC_C_LANGUAGE_STANDARD = gnu99;
				GCC_WARN_64_TO_32_BIT_CONVERSION = YES;
				GCC_WARN_ABOUT_RETURN_TYPE = YES_ERROR;
				GCC_WARN_UNDECLARED_SELECTOR = YES;
				GCC_WARN_UNINITIALIZED_AUTOS = YES_AGGRESSIVE;
				GCC_WARN_UNUSED_FUNCTION = YES;
				GCC_WARN_UNUSED_VARIABLE = YES;
				IPHONEOS_DEPLOYMENT_TARGET = 8.2;
				MTL_ENABLE_DEBUG_INFO = NO;
				SDKROOT = iphoneos;
				TARGETED_DEVICE_FAMILY = "1,2";
				VALIDATE_PRODUCT = YES;
			};
			name = Release;
		};
		6E8620901AC332D400706101 /* Debug */ = {
			isa = XCBuildConfiguration;
			buildSettings = {
				ASSETCATALOG_COMPILER_APPICON_NAME = AppIcon;
				INFOPLIST_FILE = MelhorHistorico/Info.plist;
				LD_RUNPATH_SEARCH_PATHS = "$(inherited) @executable_path/Frameworks";
				PRODUCT_NAME = "$(TARGET_NAME)";
			};
			name = Debug;
		};
		6E8620911AC332D400706101 /* Release */ = {
			isa = XCBuildConfiguration;
			buildSettings = {
				ASSETCATALOG_COMPILER_APPICON_NAME = AppIcon;
				INFOPLIST_FILE = MelhorHistorico/Info.plist;
				LD_RUNPATH_SEARCH_PATHS = "$(inherited) @executable_path/Frameworks";
				PRODUCT_NAME = "$(TARGET_NAME)";
			};
			name = Release;
		};
		6E8620931AC332D400706101 /* Debug */ = {
			isa = XCBuildConfiguration;
			buildSettings = {
				BUNDLE_LOADER = "$(TEST_HOST)";
				FRAMEWORK_SEARCH_PATHS = (
					"$(SDKROOT)/Developer/Library/Frameworks",
					"$(inherited)",
				);
				GCC_PREPROCESSOR_DEFINITIONS = (
					"DEBUG=1",
					"$(inherited)",
				);
				INFOPLIST_FILE = MelhorHistoricoTests/Info.plist;
				LD_RUNPATH_SEARCH_PATHS = "$(inherited) @executable_path/Frameworks @loader_path/Frameworks";
				PRODUCT_NAME = "$(TARGET_NAME)";
				TEST_HOST = "$(BUILT_PRODUCTS_DIR)/MelhorHistorico.app/MelhorHistorico";
			};
			name = Debug;
		};
		6E8620941AC332D400706101 /* Release */ = {
			isa = XCBuildConfiguration;
			buildSettings = {
				BUNDLE_LOADER = "$(TEST_HOST)";
				FRAMEWORK_SEARCH_PATHS = (
					"$(SDKROOT)/Developer/Library/Frameworks",
					"$(inherited)",
				);
				INFOPLIST_FILE = MelhorHistoricoTests/Info.plist;
				LD_RUNPATH_SEARCH_PATHS = "$(inherited) @executable_path/Frameworks @loader_path/Frameworks";
				PRODUCT_NAME = "$(TARGET_NAME)";
				TEST_HOST = "$(BUILT_PRODUCTS_DIR)/MelhorHistorico.app/MelhorHistorico";
			};
			name = Release;
		};
/* End XCBuildConfiguration section */

/* Begin XCConfigurationList section */
		6E8620671AC332D400706101 /* Build configuration list for PBXProject "MelhorHistorico" */ = {
			isa = XCConfigurationList;
			buildConfigurations = (
				6E86208D1AC332D400706101 /* Debug */,
				6E86208E1AC332D400706101 /* Release */,
			);
			defaultConfigurationIsVisible = 0;
			defaultConfigurationName = Release;
		};
		6E86208F1AC332D400706101 /* Build configuration list for PBXNativeTarget "MelhorHistorico" */ = {
			isa = XCConfigurationList;
			buildConfigurations = (
				6E8620901AC332D400706101 /* Debug */,
				6E8620911AC332D400706101 /* Release */,
			);
			defaultConfigurationIsVisible = 0;
		};
		6E8620921AC332D400706101 /* Build configuration list for PBXNativeTarget "MelhorHistoricoTests" */ = {
			isa = XCConfigurationList;
			buildConfigurations = (
				6E8620931AC332D400706101 /* Debug */,
				6E8620941AC332D400706101 /* Release */,
			);
			defaultConfigurationIsVisible = 0;
		};
/* End XCConfigurationList section */
	};
	rootObject = 6E8620641AC332D400706101 /* Project object */;
}
